{
  "name": "media-codecs",
  "version": "2.0.2",
  "lockfileVersion": 3,
  "requires": true,
  "packages": {
    "": {
      "name": "media-codecs",
      "version": "2.0.2",
      "funding": [
        {
          "type": "individual",
          "url": "https://paypal.me/dmnsgn"
        },
        {
          "type": "individual",
          "url": "https://commerce.coinbase.com/checkout/56cbdf28-e323-48d8-9c98-7019e72c97f3"
        }
      ],
      "license": "MIT",
      "engines": {
        "node": ">=22.0.0",
        "npm": ">=10.5.1",
        "snowdev": ">=2.2.x"
      }
    }
  }
}
